
Microsoft Visual Studio Solution File, Format Version 12.00
# Visual Studio 15
VisualStudioVersion = 15.0.28010.2046
MinimumVisualStudioVersion = 10.0.40219.1
Project("{FAE04EC0-301F-11D3-BF4B-00C04F79EFBC}") = "UA_Client_1500", "UA_Client_1500\UA_Client_1500.csproj", "{4A2B8D64-E86A-4B5C-8880-A0B5E83AA669}"
EndProject
Project("{9A19103F-16F7-4668-BE54-9A1E7A4F7556}") = "Opc.Ua.Client", "UA_Client_1500\OpcUaClient\Opc.Ua.Client.csproj", "{71A84AE5-BFC1-40E8-A9B4-7709BCF30424}"
EndProject
Project("{9A19103F-16F7-4668-BE54-9A1E7A4F7556}") = "Opc.Ua.Core", "UA_Client_1500\OpcUaCore\Opc.Ua.Core\Opc.Ua.Core.csproj", "{9F2DD802-AA23-41B2-9F5C-D2E80CBF00AF}"
EndProject
Global
	GlobalSection(SolutionConfigurationPlatforms) = preSolution
		Debug|Any CPU = Debug|Any CPU
		Release|Any CPU = Release|Any CPU
	EndGlobalSection
	GlobalSection(ProjectConfigurationPlatforms) = postSolution
		{4A2B8D64-E86A-4B5C-8880-A0B5E83AA669}.Debug|Any CPU.ActiveCfg = Debug|Any CPU
		{4A2B8D64-E86A-4B5C-8880-A0B5E83AA669}.Debug|Any CPU.Build.0 = Debug|Any CPU
		{4A2B8D64-E86A-4B5C-8880-A0B5E83AA669}.Release|Any CPU.ActiveCfg = Release|Any CPU
		{4A2B8D64-E86A-4B5C-8880-A0B5E83AA669}.Release|Any CPU.Build.0 = Release|Any CPU
		{71A84AE5-BFC1-40E8-A9B4-7709BCF30424}.Debug|Any CPU.ActiveCfg = Debug|Any CPU
		{71A84AE5-BFC1-40E8-A9B4-7709BCF30424}.Debug|Any CPU.Build.0 = Debug|Any CPU
		{71A84AE5-BFC1-40E8-A9B4-7709BCF30424}.Release|Any CPU.ActiveCfg = Release|Any CPU
		{71A84AE5-BFC1-40E8-A9B4-7709BCF30424}.Release|Any CPU.Build.0 = Release|Any CPU
		{9F2DD802-AA23-41B2-9F5C-D2E80CBF00AF}.Debug|Any CPU.ActiveCfg = Debug|Any CPU
		{9F2DD802-AA23-41B2-9F5C-D2E80CBF00AF}.Debug|Any CPU.Build.0 = Debug|Any CPU
		{9F2DD802-AA23-41B2-9F5C-D2E80CBF00AF}.Release|Any CPU.ActiveCfg = Release|Any CPU
		{9F2DD802-AA23-41B2-9F5C-D2E80CBF00AF}.Release|Any CPU.Build.0 = Release|Any CPU
	EndGlobalSection
	GlobalSection(SolutionProperties) = preSolution
		HideSolutionNode = FALSE
	EndGlobalSection
	GlobalSection(ExtensibilityGlobals) = postSolution
		SolutionGuid = {E4CFE761-CD69-429D-9851-FCDBD3BC42AC}
	EndGlobalSection
EndGlobal
